// !$*UTF8*$!
{
	archiveVersion = 1;
	classes = {
	};
	objectVersion = 55;
	objects = {

/* Begin PBXBuildFile section */
		2EC42D0D286A3D0B00EFA90C /* AppDelegate.swift in Sources */ = {isa = PBXBuildFile; fileRef = 2EC42D0C286A3D0B00EFA90C /* AppDelegate.swift */; };
		2EC42D0F286A3D0B00EFA90C /* SceneDelegate.swift in Sources */ = {isa = PBXBuildFile; fileRef = 2EC42D0E286A3D0B00EFA90C /* SceneDelegate.swift */; };
		2EC42D14286A3D0B00EFA90C /* Main.storyboard in Resources */ = {isa = PBXBuildFile; fileRef = 2EC42D12286A3D0B00EFA90C /* Main.storyboard */; };
		2EC42D17286A3D0B00EFA90C /* todoListKWK.xcdatamodeld in Sources */ = {isa = PBXBuildFile; fileRef = 2EC42D15286A3D0B00EFA90C /* todoListKWK.xcdatamodeld */; };
		2EC42D19286A3D0E00EFA90C /* Assets.xcassets in Resources */ = {isa = PBXBuildFile; fileRef = 2EC42D18286A3D0E00EFA90C /* Assets.xcassets */; };
		2EC42D1C286A3D0E00EFA90C /* LaunchScreen.storyboard in Resources */ = {isa = PBXBuildFile; fileRef = 2EC42D1A286A3D0E00EFA90C /* LaunchScreen.storyboard */; };
		2EC42D27286A3D0F00EFA90C /* todoListKWKTests.swift in Sources */ = {isa = PBXBuildFile; fileRef = 2EC42D26286A3D0F00EFA90C /* todoListKWKTests.swift */; };
		2EC42D31286A3D0F00EFA90C /* todoListKWKUITests.swift in Sources */ = {isa = PBXBuildFile; fileRef = 2EC42D30286A3D0F00EFA90C /* todoListKWKUITests.swift */; };
		2EC42D33286A3D0F00EFA90C /* todoListKWKUITestsLaunchTests.swift in Sources */ = {isa = PBXBuildFile; fileRef = 2EC42D32286A3D0F00EFA90C /* todoListKWKUITestsLaunchTests.swift */; };
		2EC42D40286A40C100EFA90C /* ToDoTableViewController ViewController.swift in Sources */ = {isa = PBXBuildFile; fileRef = 2EC42D3F286A40C100EFA90C /* ToDoTableViewController ViewController.swift */; };
		2EC42D48286A439800EFA90C /* ToDo.swift in Sources */ = {isa = PBXBuildFile; fileRef = 2EC42D47286A439800EFA90C /* ToDo.swift */; };
/* End PBXBuildFile section */

/* Begin PBXContainerItemProxy section */
		2EC42D23286A3D0F00EFA90C /* PBXContainerItemProxy */ = {
			isa = PBXContainerItemProxy;
			containerPortal = 2EC42D01286A3D0B00EFA90C /* Project object */;
			proxyType = 1;
			remoteGlobalIDString = 2EC42D08286A3D0B00EFA90C;
			remoteInfo = todoListKWK;
		};
		2EC42D2D286A3D0F00EFA90C /* PBXContainerItemProxy */ = {
			isa = PBXContainerItemProxy;
			containerPortal = 2EC42D01286A3D0B00EFA90C /* Project object */;
			proxyType = 1;
			remoteGlobalIDString = 2EC42D08286A3D0B00EFA90C;
			remoteInfo = todoListKWK;
		};
/* End PBXContainerItemProxy section */

/* Begin PBXFileReference section */
		2EC42D09286A3D0B00EFA90C /* todoListKWK.app */ = {isa = PBXFileReference; explicitFileType = wrapper.application; includeInIndex = 0; path = todoListKWK.app; sourceTree = BUILT_PRODUCTS_DIR; };
		2EC42D0C286A3D0B00EFA90C /* AppDelegate.swift */ = {isa = PBXFileReference; lastKnownFileType = sourcecode.swift; path = AppDelegate.swift; sourceTree = "<group>"; };
		2EC42D0E286A3D0B00EFA90C /* SceneDelegate.swift */ = {isa = PBXFileReference; lastKnownFileType = sourcecode.swift; path = SceneDelegate.swift; sourceTree = "<group>"; };
		2EC42D13286A3D0B00EFA90C /* Base */ = {isa = PBXFileReference; lastKnownFileType = file.storyboard; name = Base; path = Base.lproj/Main.storyboard; sourceTree = "<group>"; };
		2EC42D16286A3D0B00EFA90C /* todoListKWK.xcdatamodel */ = {isa = PBXFileReference; lastKnownFileType = wrapper.xcdatamodel; path = todoListKWK.xcdatamodel; sourceTree = "<group>"; };
		2EC42D18286A3D0E00EFA90C /* Assets.xcassets */ = {isa = PBXFileReference; lastKnownFileType = folder.assetcatalog; path = Assets.xcassets; sourceTree = "<group>"; };
		2EC42D1B286A3D0E00EFA90C /* Base */ = {isa = PBXFileReference; lastKnownFileType = file.storyboard; name = Base; path = Base.lproj/LaunchScreen.storyboard; sourceTree = "<group>"; };
		2EC42D1D286A3D0E00EFA90C /* Info.plist */ = {isa = PBXFileReference; lastKnownFileType = text.plist.xml; path = Info.plist; sourceTree = "<group>"; };
		2EC42D22286A3D0F00EFA90C /* todoListKWKTests.xctest */ = {isa = PBXFileReference; explicitFileType = wrapper.cfbundle; includeInIndex = 0; path = todoListKWKTests.xctest; sourceTree = BUILT_PRODUCTS_DIR; };
		2EC42D26286A3D0F00EFA90C /* todoListKWKTests.swift */ = {isa = PBXFileReference; lastKnownFileType = sourcecode.swift; path = todoListKWKTests.swift; sourceTree = "<group>"; };
		2EC42D2C286A3D0F00EFA90C /* todoListKWKUITests.xctest */ = {isa = PBXFileReference; explicitFileType = wrapper.cfbundle; includeInIndex = 0; path = todoListKWKUITests.xctest; sourceTree = BUILT_PRODUCTS_DIR; };
		2EC42D30286A3D0F00EFA90C /* todoListKWKUITests.swift */ = {isa = PBXFileReference; lastKnownFileType = sourcecode.swift; path = todoListKWKUITests.swift; sourceTree = "<group>"; };
		2EC42D32286A3D0F00EFA90C /* todoListKWKUITestsLaunchTests.swift */ = {isa = PBXFileReference; lastKnownFileType = sourcecode.swift; path = todoListKWKUITestsLaunchTests.swift; sourceTree = "<group>"; };
		2EC42D3F286A40C100EFA90C /* ToDoTableViewController ViewController.swift */ = {isa = PBXFileReference; lastKnownFileType = sourcecode.swift; path = "ToDoTableViewController ViewController.swift"; sourceTree = "<group>"; };
		2EC42D47286A439800EFA90C /* ToDo.swift */ = {isa = PBXFileReference; lastKnownFileType = sourcecode.swift; path = ToDo.swift; sourceTree = "<group>"; };
/* End PBXFileReference section */

/* Begin PBXFrameworksBuildPhase section */
		2EC42D06286A3D0B00EFA90C /* Frameworks */ = {
			isa = PBXFrameworksBuildPhase;
			buildActionMask = 2147483647;
			files = (
			);
			runOnlyForDeploymentPostprocessing = 0;
		};
		2EC42D1F286A3D0F00EFA90C /* Frameworks */ = {
			isa = PBXFrameworksBuildPhase;
			buildActionMask = 2147483647;
			files = (
			);
			runOnlyForDeploymentPostprocessing = 0;
		};
		2EC42D29286A3D0F00EFA90C /* Frameworks */ = {
			isa = PBXFrameworksBuildPhase;
			buildActionMask = 2147483647;
			files = (
			);
			runOnlyForDeploymentPostprocessing = 0;
		};
/* End PBXFrameworksBuildPhase section */

/* Begin PBXGroup section */
		2EC42D00286A3D0B00EFA90C = {
			isa = PBXGroup;
			children = (
				2EC42D0B286A3D0B00EFA90C /* todoListKWK */,
				2EC42D25286A3D0F00EFA90C /* todoListKWKTests */,
				2EC42D2F286A3D0F00EFA90C /* todoListKWKUITests */,
				2EC42D0A286A3D0B00EFA90C /* Products */,
			);
			sourceTree = "<group>";
		};
		2EC42D0A286A3D0B00EFA90C /* Products */ = {
			isa = PBXGroup;
			children = (
				2EC42D09286A3D0B00EFA90C /* todoListKWK.app */,
				2EC42D22286A3D0F00EFA90C /* todoListKWKTests.xctest */,
				2EC42D2C286A3D0F00EFA90C /* todoListKWKUITests.xctest */,
			);
			name = Products;
			sourceTree = "<group>";
		};
		2EC42D0B286A3D0B00EFA90C /* todoListKWK */ = {
			isa = PBXGroup;
			children = (
				2EC42D0C286A3D0B00EFA90C /* AppDelegate.swift */,
				2EC42D0E286A3D0B00EFA90C /* SceneDelegate.swift */,
				2EC42D12286A3D0B00EFA90C /* Main.storyboard */,
				2EC42D47286A439800EFA90C /* ToDo.swift */,
				2EC42D3F286A40C100EFA90C /* ToDoTableViewController ViewController.swift */,
				2EC42D18286A3D0E00EFA90C /* Assets.xcassets */,
				2EC42D1A286A3D0E00EFA90C /* LaunchScreen.storyboard */,
				2EC42D1D286A3D0E00EFA90C /* Info.plist */,
				2EC42D15286A3D0B00EFA90C /* todoListKWK.xcdatamodeld */,
			);
			path = todoListKWK;
			sourceTree = "<group>";
		};
		2EC42D25286A3D0F00EFA90C /* todoListKWKTests */ = {
			isa = PBXGroup;
			children = (
				2EC42D26286A3D0F00EFA90C /* todoListKWKTests.swift */,
			);
			path = todoListKWKTests;
			sourceTree = "<group>";
		};
		2EC42D2F286A3D0F00EFA90C /* todoListKWKUITests */ = {
			isa = PBXGroup;
			children = (
				2EC42D30286A3D0F00EFA90C /* todoListKWKUITests.swift */,
				2EC42D32286A3D0F00EFA90C /* todoListKWKUITestsLaunchTests.swift */,
			);
			path = todoListKWKUITests;
			sourceTree = "<group>";
		};
/* End PBXGroup section */

/* Begin PBXNativeTarget section */
		2EC42D08286A3D0B00EFA90C /* todoListKWK */ = {
			isa = PBXNativeTarget;
			buildConfigurationList = 2EC42D36286A3D0F00EFA90C /* Build configuration list for PBXNativeTarget "todoListKWK" */;
			buildPhases = (
				2EC42D05286A3D0B00EFA90C /* Sources */,
				2EC42D06286A3D0B00EFA90C /* Frameworks */,
				2EC42D07286A3D0B00EFA90C /* Resources */,
			);
			buildRules = (
			);
			dependencies = (
			);
			name = todoListKWK;
			productName = todoListKWK;
			productReference = 2EC42D09286A3D0B00EFA90C /* todoListKWK.app */;
			productType = "com.apple.product-type.application";
		};
		2EC42D21286A3D0F00EFA90C /* todoListKWKTests */ = {
			isa = PBXNativeTarget;
			buildConfigurationList = 2EC42D39286A3D0F00EFA90C /* Build configuration list for PBXNativeTarget "todoListKWKTests" */;
			buildPhases = (
				2EC42D1E286A3D0F00EFA90C /* Sources */,
				2EC42D1F286A3D0F00EFA90C /* Frameworks */,
				2EC42D20286A3D0F00EFA90C /* Resources */,
			);
			buildRules = (
			);
			dependencies = (
				2EC42D24286A3D0F00EFA90C /* PBXTargetDependency */,
			);
			name = todoListKWKTests;
			productName = todoListKWKTests;
			productReference = 2EC42D22286A3D0F00EFA90C /* todoListKWKTests.xctest */;
			productType = "com.apple.product-type.bundle.unit-test";
		};
		2EC42D2B286A3D0F00EFA90C /* todoListKWKUITests */ = {
			isa = PBXNativeTarget;
			buildConfigurationList = 2EC42D3C286A3D0F00EFA90C /* Build configuration list for PBXNativeTarget "todoListKWKUITests" */;
			buildPhases = (
				2EC42D28286A3D0F00EFA90C /* Sources */,
				2EC42D29286A3D0F00EFA90C /* Frameworks */,
				2EC42D2A286A3D0F00EFA90C /* Resources */,
			);
			buildRules = (
			);
			dependencies = (
				2EC42D2E286A3D0F00EFA90C /* PBXTargetDependency */,
			);
			name = todoListKWKUITests;
			productName = todoListKWKUITests;
			productReference = 2EC42D2C286A3D0F00EFA90C /* todoListKWKUITests.xctest */;
			productType = "com.apple.product-type.bundle.ui-testing";
		};
/* End PBXNativeTarget section */

/* Begin PBXProject section */
		2EC42D01286A3D0B00EFA90C /* Project object */ = {
			isa = PBXProject;
			attributes = {
				BuildIndependentTargetsInParallel = 1;
				LastSwiftUpdateCheck = 1340;
				LastUpgradeCheck = 1340;
				TargetAttributes = {
					2EC42D08286A3D0B00EFA90C = {
						CreatedOnToolsVersion = 13.4.1;
					};
					2EC42D21286A3D0F00EFA90C = {
						CreatedOnToolsVersion = 13.4.1;
						TestTargetID = 2EC42D08286A3D0B00EFA90C;
					};
					2EC42D2B286A3D0F00EFA90C = {
						CreatedOnToolsVersion = 13.4.1;
						TestTargetID = 2EC42D08286A3D0B00EFA90C;
					};
				};
			};
			buildConfigurationList = 2EC42D04286A3D0B00EFA90C /* Build configuration list for PBXProject "todoListKWK" */;
			compatibilityVersion = "Xcode 13.0";
			developmentRegion = en;
			hasScannedForEncodings = 0;
			knownRegions = (
				en,
				Base,
			);
			mainGroup = 2EC42D00286A3D0B00EFA90C;
			productRefGroup = 2EC42D0A286A3D0B00EFA90C /* Products */;
			projectDirPath = "";
			projectRoot = "";
			targets = (
				2EC42D08286A3D0B00EFA90C /* todoListKWK */,
				2EC42D21286A3D0F00EFA90C /* todoListKWKTests */,
				2EC42D2B286A3D0F00EFA90C /* todoListKWKUITests */,
			);
		};
/* End PBXProject section */

/* Begin PBXResourcesBuildPhase section */
		2EC42D07286A3D0B00EFA90C /* Resources */ = {
			isa = PBXResourcesBuildPhase;
			buildActionMask = 2147483647;
			files = (
				2EC42D1C286A3D0E00EFA90C /* LaunchScreen.storyboard in Resources */,
				2EC42D19286A3D0E00EFA90C /* Assets.xcassets in Resources */,
				2EC42D14286A3D0B00EFA90C /* Main.storyboard in Resources */,
			);
			runOnlyForDeploymentPostprocessing = 0;
		};
		2EC42D20286A3D0F00EFA90C /* Resources */ = {
			isa = PBXResourcesBuildPhase;
			buildActionMask = 2147483647;
			files = (
			);
			runOnlyForDeploymentPostprocessing = 0;
		};
		2EC42D2A286A3D0F00EFA90C /* Resources */ = {
			isa = PBXResourcesBuildPhase;
			buildActionMask = 2147483647;
			files = (
			);
			runOnlyForDeploymentPostprocessing = 0;
		};
/* End PBXResourcesBuildPhase section */

/* Begin PBXSourcesBuildPhase section */
		2EC42D05286A3D0B00EFA90C /* Sources */ = {
			isa = PBXSourcesBuildPhase;
			buildActionMask = 2147483647;
			files = (
				2EC42D0D286A3D0B00EFA90C /* AppDelegate.swift in Sources */,
				2EC42D48286A439800EFA90C /* ToDo.swift in Sources */,
				2EC42D0F286A3D0B00EFA90C /* SceneDelegate.swift in Sources */,
				2EC42D17286A3D0B00EFA90C /* todoListKWK.xcdatamodeld in Sources */,
				2EC42D40286A40C100EFA90C /* ToDoTableViewController ViewController.swift in Sources */,
			);
			runOnlyForDeploymentPostprocessing = 0;
		};
		2EC42D1E286A3D0F00EFA90C /* Sources */ = {
			isa = PBXSourcesBuildPhase;
			buildActionMask = 2147483647;
			files = (
				2EC42D27286A3D0F00EFA90C /* todoListKWKTests.swift in Sources */,
			);
			runOnlyForDeploymentPostprocessing = 0;
		};
		2EC42D28286A3D0F00EFA90C /* Sources */ = {
			isa = PBXSourcesBuildPhase;
			buildActionMask = 2147483647;
			files = (
				2EC42D33286A3D0F00EFA90C /* todoListKWKUITestsLaunchTests.swift in Sources */,
				2EC42D31286A3D0F00EFA90C /* todoListKWKUITests.swift in Sources */,
			);
			runOnlyForDeploymentPostprocessing = 0;
		};
/* End PBXSourcesBuildPhase section */

/* Begin PBXTargetDependency section */
		2EC42D24286A3D0F00EFA90C /* PBXTargetDependency */ = {
			isa = PBXTargetDependency;
			target = 2EC42D08286A3D0B00EFA90C /* todoListKWK */;
			targetProxy = 2EC42D23286A3D0F00EFA90C /* PBXContainerItemProxy */;
		};
		2EC42D2E286A3D0F00EFA90C /* PBXTargetDependency */ = {
			isa = PBXTargetDependency;
			target = 2EC42D08286A3D0B00EFA90C /* todoListKWK */;
			targetProxy = 2EC42D2D286A3D0F00EFA90C /* PBXContainerItemProxy */;
		};
/* End PBXTargetDependency section */

/* Begin PBXVariantGroup section */
		2EC42D12286A3D0B00EFA90C /* Main.storyboard */ = {
			isa = PBXVariantGroup;
			children = (
				2EC42D13286A3D0B00EFA90C /* Base */,
			);
			name = Main.storyboard;
			sourceTree = "<group>";
		};
		2EC42D1A286A3D0E00EFA90C /* LaunchScreen.storyboard */ = {
			isa = PBXVariantGroup;
			children = (
				2EC42D1B286A3D0E00EFA90C /* Base */,
			);
			name = LaunchScreen.storyboard;
			sourceTree = "<group>";
		};
/* End PBXVariantGroup section */

/* Begin XCBuildConfiguration section */
		2EC42D34286A3D0F00EFA90C /* Debug */ = {
			isa = XCBuildConfiguration;
			buildSettings = {
				ALWAYS_SEARCH_USER_PATHS = NO;
				CLANG_ANALYZER_NONNULL = YES;
				CLANG_ANALYZER_NUMBER_OBJECT_CONVERSION = YES_AGGRESSIVE;
				CLANG_CXX_LANGUAGE_STANDARD = "gnu++17";
				CLANG_ENABLE_MODULES = YES;
				CLANG_ENABLE_OBJC_ARC = YES;
				CLANG_ENABLE_OBJC_WEAK = YES;
				CLANG_WARN_BLOCK_CAPTURE_AUTORELEASING = YES;
				CLANG_WARN_BOOL_CONVERSION = YES;
				CLANG_WARN_COMMA = YES;
				CLANG_WARN_CONSTANT_CONVERSION = YES;
				CLANG_WARN_DEPRECATED_OBJC_IMPLEMENTATIONS = YES;
				CLANG_WARN_DIRECT_OBJC_ISA_USAGE = YES_ERROR;
				CLANG_WARN_DOCUMENTATION_COMMENTS = YES;
				CLANG_WARN_EMPTY_BODY = YES;
				CLANG_WARN_ENUM_CONVERSION = YES;
				CLANG_WARN_INFINITE_RECURSION = YES;
				CLANG_WARN_INT_CONVERSION = YES;
				CLANG_WARN_NON_LITERAL_NULL_CONVERSION = YES;
				CLANG_WARN_OBJC_IMPLICIT_RETAIN_SELF = YES;
				CLANG_WARN_OBJC_LITERAL_CONVERSION = YES;
				CLANG_WARN_OBJC_ROOT_CLASS = YES_ERROR;
				CLANG_WARN_QUOTED_INCLUDE_IN_FRAMEWORK_HEADER = YES;
				CLANG_WARN_RANGE_LOOP_ANALYSIS = YES;
				CLANG_WARN_STRICT_PROTOTYPES = YES;
				CLANG_WARN_SUSPICIOUS_MOVE = YES;
				CLANG_WARN_UNGUARDED_AVAILABILITY = YES_AGGRESSIVE;
				CLANG_WARN_UNREACHABLE_CODE = YES;
				CLANG_WARN__DUPLICATE_METHOD_MATCH = YES;
				COPY_PHASE_STRIP = NO;
				DEBUG_INFORMATION_FORMAT = dwarf;
				ENABLE_STRICT_OBJC_MSGSEND = YES;
				ENABLE_TESTABILITY = YES;
				GCC_C_LANGUAGE_STANDARD = gnu11;
				GCC_DYNAMIC_NO_PIC = NO;
				GCC_NO_COMMON_BLOCKS = YES;
				GCC_OPTIMIZATION_LEVEL = 0;
				GCC_PREPROCESSOR_DEFINITIONS = (
					"DEBUG=1",
					"$(inherited)",
				);
				GCC_WARN_64_TO_32_BIT_CONVERSION = YES;
				GCC_WARN_ABOUT_RETURN_TYPE = YES_ERROR;
				GCC_WARN_UNDECLARED_SELECTOR = YES;
				GCC_WARN_UNINITIALIZED_AUTOS = YES_AGGRESSIVE;
				GCC_WARN_UNUSED_FUNCTION = YES;
				GCC_WARN_UNUSED_VARIABLE = YES;
				IPHONEOS_DEPLOYMENT_TARGET = 15.5;
				MTL_ENABLE_DEBUG_INFO = INCLUDE_SOURCE;
				MTL_FAST_MATH = YES;
				ONLY_ACTIVE_ARCH = YES;
				SDKROOT = iphoneos;
				SWIFT_ACTIVE_COMPILATION_CONDITIONS = DEBUG;
				SWIFT_OPTIMIZATION_LEVEL = "-Onone";
			};
			name = Debug;
		};
		2EC42D35286A3D0F00EFA90C /* Release */ = {
			isa = XCBuildConfiguration;
			buildSettings = {
				ALWAYS_SEARCH_USER_PATHS = NO;
				CLANG_ANALYZER_NONNULL = YES;
				CLANG_ANALYZER_NUMBER_OBJECT_CONVERSION = YES_AGGRESSIVE;
				CLANG_CXX_LANGUAGE_STANDARD = "gnu++17";
				CLANG_ENABLE_MODULES = YES;
				CLANG_ENABLE_OBJC_ARC = YES;
				CLANG_ENABLE_OBJC_WEAK = YES;
				CLANG_WARN_BLOCK_CAPTURE_AUTORELEASING = YES;
				CLANG_WARN_BOOL_CONVERSION = YES;
				CLANG_WARN_COMMA = YES;
				CLANG_WARN_CONSTANT_CONVERSION = YES;
				CLANG_WARN_DEPRECATED_OBJC_IMPLEMENTATIONS = YES;
				CLANG_WARN_DIRECT_OBJC_ISA_USAGE = YES_ERROR;
				CLANG_WARN_DOCUMENTATION_COMMENTS = YES;
				CLANG_WARN_EMPTY_BODY = YES;
				CLANG_WARN_ENUM_CONVERSION = YES;
				CLANG_WARN_INFINITE_RECURSION = YES;
				CLANG_WARN_INT_CONVERSION = YES;
				CLANG_WARN_NON_LITERAL_NULL_CONVERSION = YES;
				CLANG_WARN_OBJC_IMPLICIT_RETAIN_SELF = YES;
				CLANG_WARN_OBJC_LITERAL_CONVERSION = YES;
				CLANG_WARN_OBJC_ROOT_CLASS = YES_ERROR;
				CLANG_WARN_QUOTED_INCLUDE_IN_FRAMEWORK_HEADER = YES;
				CLANG_WARN_RANGE_LOOP_ANALYSIS = YES;
				CLANG_WARN_STRICT_PROTOTYPES = YES;
				CLANG_WARN_SUSPICIOUS_MOVE = YES;
				CLANG_WARN_UNGUARDED_AVAILABILITY = YES_AGGRESSIVE;
				CLANG_WARN_UNREACHABLE_CODE = YES;
				CLANG_WARN__DUPLICATE_METHOD_MATCH = YES;
				COPY_PHASE_STRIP = NO;
				DEBUG_INFORMATION_FORMAT = "dwarf-with-dsym";
				ENABLE_NS_ASSERTIONS = NO;
				ENABLE_STRICT_OBJC_MSGSEND = YES;
				GCC_C_LANGUAGE_STANDARD = gnu11;
				GCC_NO_COMMON_BLOCKS = YES;
				GCC_WARN_64_TO_32_BIT_CONVERSION = YES;
				GCC_WARN_ABOUT_RETURN_TYPE = YES_ERROR;
				GCC_WARN_UNDECLARED_SELECTOR = YES;
				GCC_WARN_UNINITIALIZED_AUTOS = YES_AGGRESSIVE;
				GCC_WARN_UNUSED_FUNCTION = YES;
				GCC_WARN_UNUSED_VARIABLE = YES;
				IPHONEOS_DEPLOYMENT_TARGET = 15.5;
				MTL_ENABLE_DEBUG_INFO = NO;
				MTL_FAST_MATH = YES;
				SDKROOT = iphoneos;
				SWIFT_COMPILATION_MODE = wholemodule;
				SWIFT_OPTIMIZATION_LEVEL = "-O";
				VALIDATE_PRODUCT = YES;
			};
			name = Release;
		};
		2EC42D37286A3D0F00EFA90C /* Debug */ = {
			isa = XCBuildConfiguration;
			buildSettings = {
				ASSETCATALOG_COMPILER_APPICON_NAME = AppIcon;
				ASSETCATALOG_COMPILER_GLOBAL_ACCENT_COLOR_NAME = AccentColor;
				CODE_SIGN_STYLE = Automatic;
				CURRENT_PROJECT_VERSION = 1;
				GENERATE_INFOPLIST_FILE = YES;
				INFOPLIST_FILE = todoListKWK/Info.plist;
				INFOPLIST_KEY_UIApplicationSupportsIndirectInputEvents = YES;
				INFOPLIST_KEY_UILaunchStoryboardName = LaunchScreen;
				INFOPLIST_KEY_UIMainStoryboardFile = Main;
				INFOPLIST_KEY_UISupportedInterfaceOrientations_iPad = "UIInterfaceOrientationPortrait UIInterfaceOrientationPortraitUpsideDown UIInterfaceOrientationLandscapeLeft UIInterfaceOrientationLandscapeRight";
				INFOPLIST_KEY_UISupportedInterfaceOrientations_iPhone = "UIInterfaceOrientationPortrait UIInterfaceOrientationLandscapeLeft UIInterfaceOrientationLandscapeRight";
				LD_RUNPATH_SEARCH_PATHS = (
					"$(inherited)",
					"@executable_path/Frameworks",
				);
				MARKETING_VERSION = 1.0;
				PRODUCT_BUNDLE_IDENTIFIER = kwk.todoListKWK;
				PRODUCT_NAME = "$(TARGET_NAME)";
				SWIFT_EMIT_LOC_STRINGS = YES;
				SWIFT_VERSION = 5.0;
				TARGETED_DEVICE_FAMILY = "1,2";
			};
			name = Debug;
		};
		2EC42D38286A3D0F00EFA90C /* Release */ = {
			isa = XCBuildConfiguration;
			buildSettings = {
				ASSETCATALOG_COMPILER_APPICON_NAME = AppIcon;
				ASSETCATALOG_COMPILER_GLOBAL_ACCENT_COLOR_NAME = AccentColor;
				CODE_SIGN_STYLE = Automatic;
				CURRENT_PROJECT_VERSION = 1;
				GENERATE_INFOPLIST_FILE = YES;
				INFOPLIST_FILE = todoListKWK/Info.plist;
				INFOPLIST_KEY_UIApplicationSupportsIndirectInputEvents = YES;
				INFOPLIST_KEY_UILaunchStoryboardName = LaunchScreen;
				INFOPLIST_KEY_UIMainStoryboardFile = Main;
				INFOPLIST_KEY_UISupportedInterfaceOrientations_iPad = "UIInterfaceOrientationPortrait UIInterfaceOrientationPortraitUpsideDown UIInterfaceOrientationLandscapeLeft UIInterfaceOrientationLandscapeRight";
				INFOPLIST_KEY_UISupportedInterfaceOrientations_iPhone = "UIInterfaceOrientationPortrait UIInterfaceOrientationLandscapeLeft UIInterfaceOrientationLandscapeRight";
				LD_RUNPATH_SEARCH_PATHS = (
					"$(inherited)",
					"@executable_path/Frameworks",
				);
				MARKETING_VERSION = 1.0;
				PRODUCT_BUNDLE_IDENTIFIER = kwk.todoListKWK;
				PRODUCT_NAME = "$(TARGET_NAME)";
				SWIFT_EMIT_LOC_STRINGS = YES;
				SWIFT_VERSION = 5.0;
				TARGETED_DEVICE_FAMILY = "1,2";
			};
			name = Release;
		};
		2EC42D3A286A3D0F00EFA90C /* Debug */ = {
			isa = XCBuildConfiguration;
			buildSettings = {
				ALWAYS_EMBED_SWIFT_STANDARD_LIBRARIES = YES;
				BUNDLE_LOADER = "$(TEST_HOST)";
				CODE_SIGN_STYLE = Automatic;
				CURRENT_PROJECT_VERSION = 1;
				GENERATE_INFOPLIST_FILE = YES;
				IPHONEOS_DEPLOYMENT_TARGET = 15.5;
				MARKETING_VERSION = 1.0;
				PRODUCT_BUNDLE_IDENTIFIER = kwk.todoListKWKTests;
				PRODUCT_NAME = "$(TARGET_NAME)";
				SWIFT_EMIT_LOC_STRINGS = NO;
				SWIFT_VERSION = 5.0;
				TARGETED_DEVICE_FAMILY = "1,2";
				TEST_HOST = "$(BUILT_PRODUCTS_DIR)/todoListKWK.app/todoListKWK";
			};
			name = Debug;
		};
		2EC42D3B286A3D0F00EFA90C /* Release */ = {
			isa = XCBuildConfiguration;
			buildSettings = {
				ALWAYS_EMBED_SWIFT_STANDARD_LIBRARIES = YES;
				BUNDLE_LOADER = "$(TEST_HOST)";
				CODE_SIGN_STYLE = Automatic;
				CURRENT_PROJECT_VERSION = 1;
				GENERATE_INFOPLIST_FILE = YES;
				IPHONEOS_DEPLOYMENT_TARGET = 15.5;
				MARKETING_VERSION = 1.0;
				PRODUCT_BUNDLE_IDENTIFIER = kwk.todoListKWKTests;
				PRODUCT_NAME = "$(TARGET_NAME)";
				SWIFT_EMIT_LOC_STRINGS = NO;
				SWIFT_VERSION = 5.0;
				TARGETED_DEVICE_FAMILY = "1,2";
				TEST_HOST = "$(BUILT_PRODUCTS_DIR)/todoListKWK.app/todoListKWK";
			};
			name = Release;
		};
		2EC42D3D286A3D0F00EFA90C /* Debug */ = {
			isa = XCBuildConfiguration;
			buildSettings = {
				ALWAYS_EMBED_SWIFT_STANDARD_LIBRARIES = YES;
				CODE_SIGN_STYLE = Automatic;
				CURRENT_PROJECT_VERSION = 1;
				GENERATE_INFOPLIST_FILE = YES;
				MARKETING_VERSION = 1.0;
				PRODUCT_BUNDLE_IDENTIFIER = kwk.todoListKWKUITests;
				PRODUCT_NAME = "$(TARGET_NAME)";
				SWIFT_EMIT_LOC_STRINGS = NO;
				SWIFT_VERSION = 5.0;
				TARGETED_DEVICE_FAMILY = "1,2";
				TEST_TARGET_NAME = todoListKWK;
			};
			name = Debug;
		};
		2EC42D3E286A3D0F00EFA90C /* Release */ = {
			isa = XCBuildConfiguration;
			buildSettings = {
				ALWAYS_EMBED_SWIFT_STANDARD_LIBRARIES = YES;
				CODE_SIGN_STYLE = Automatic;
				CURRENT_PROJECT_VERSION = 1;
				GENERATE_INFOPLIST_FILE = YES;
				MARKETING_VERSION = 1.0;
				PRODUCT_BUNDLE_IDENTIFIER = kwk.todoListKWKUITests;
				PRODUCT_NAME = "$(TARGET_NAME)";
				SWIFT_EMIT_LOC_STRINGS = NO;
				SWIFT_VERSION = 5.0;
				TARGETED_DEVICE_FAMILY = "1,2";
				TEST_TARGET_NAME = todoListKWK;
			};
			name = Release;
		};
/* End XCBuildConfiguration section */

/* Begin XCConfigurationList section */
		2EC42D04286A3D0B00EFA90C /* Build configuration list for PBXProject "todoListKWK" */ = {
			isa = XCConfigurationList;
			buildConfigurations = (
				2EC42D34286A3D0F00EFA90C /* Debug */,
				2EC42D35286A3D0F00EFA90C /* Release */,
			);
			defaultConfigurationIsVisible = 0;
			defaultConfigurationName = Release;
		};
		2EC42D36286A3D0F00EFA90C /* Build configuration list for PBXNativeTarget "todoListKWK" */ = {
			isa = XCConfigurationList;
			buildConfigurations = (
				2EC42D37286A3D0F00EFA90C /* Debug */,
				2EC42D38286A3D0F00EFA90C /* Release */,
			);
			defaultConfigurationIsVisible = 0;
			defaultConfigurationName = Release;
		};
		2EC42D39286A3D0F00EFA90C /* Build configuration list for PBXNativeTarget "todoListKWKTests" */ = {
			isa = XCConfigurationList;
			buildConfigurations = (
				2EC42D3A286A3D0F00EFA90C /* Debug */,
				2EC42D3B286A3D0F00EFA90C /* Release */,
			);
			defaultConfigurationIsVisible = 0;
			defaultConfigurationName = Release;
		};
		2EC42D3C286A3D0F00EFA90C /* Build configuration list for PBXNativeTarget "todoListKWKUITests" */ = {
			isa = XCConfigurationList;
			buildConfigurations = (
				2EC42D3D286A3D0F00EFA90C /* Debug */,
				2EC42D3E286A3D0F00EFA90C /* Release */,
			);
			defaultConfigurationIsVisible = 0;
			defaultConfigurationName = Release;
		};
/* End XCConfigurationList section */

/* Begin XCVersionGroup section */
		2EC42D15286A3D0B00EFA90C /* todoListKWK.xcdatamodeld */ = {
			isa = XCVersionGroup;
			children = (
				2EC42D16286A3D0B00EFA90C /* todoListKWK.xcdatamodel */,
			);
			currentVersion = 2EC42D16286A3D0B00EFA90C /* todoListKWK.xcdatamodel */;
			path = todoListKWK.xcdatamodeld;
			sourceTree = "<group>";
			versionGroupType = wrapper.xcdatamodel;
		};
/* End XCVersionGroup section */
	};
	rootObject = 2EC42D01286A3D0B00EFA90C /* Project object */;
}
